{
  "name": "private-contract",
  "version": "0.0.1",
  "lockfileVersion": 3,
  "requires": true,
  "packages": {
    "": {
      "name": "private-contract",
      "version": "0.0.1",
      "license": "MPL-2.0",
      "dependencies": {
        "@grpc/grpc-js": "^1.13.3",
        "@hyperledger/fabric-gateway": "^1.7.1",
        "@peculiar/webcrypto": "^1.5.0",
        "@peculiar/x509": "^1.13.0",
        "fabric-ca-client": "^2.2.20",
        "fabric-common": "^2.2.20",
        "fabric-contract-api": "^2.5.8",
        "fabric-network": "^2.2.20",
        "fabric-shim": "^2.5.8",
        "json-stringify-deterministic": "^1.0.12",
        "jsrsasign": "^11.1.0",
        "jsrsasign-util": "^1.0.5",
        "rollup-plugin-ts": "^3.4.5",
        "sort-keys-recursive": "^2.1.10"
      },
      "devDependencies": {
        "@decaf-ts/fabric-weaver": "latest",
        "@decaf-ts/utils": "latest"
      },
      "engines": {
        "node": ">=20.0.0",
        "npm": ">=10.0.0"
      },
      "peerDependencies": {
        "@decaf-ts/core": "latest",
        "@decaf-ts/db-decorators": "latest",
        "@decaf-ts/decoration": "latest",
        "@decaf-ts/decorator-validation": "latest",
        "@decaf-ts/for-couchdb": "latest",
        "@decaf-ts/injectable-decorators": "latest",
        "@decaf-ts/logging": "latest",
        "@decaf-ts/reflection": "latest",
        "@decaf-ts/transactional-decorators": "latest"
      }
    }
  }
}
